{
  "name": "gha-test",
  "version": "1.0.0",
  "lockfileVersion": 2,
  "requires": true,
  "packages": {
    "": {
      "version": "1.0.0",
      "license": "ISC",
      "dependencies": {
        "keysto": "^1.1.1",
        "lodash": "^4.17.21"
      }
    },
    "node_modules/case": {
      "version": "1.6.3",
      "resolved": "https://registry.npmjs.org/case/-/case-1.6.3.tgz",
      "integrity": "sha512-mzDSXIPaFwVDvZAHqZ9VlbyF4yyXRuX6IvB06WvPYkqJVO24kX1PPhv9bfpKNFZyxYFmmgo03HUiD8iklmJYRQ==",
      "engines": {
        "node": ">= 0.8.0"
      }
    },
    "node_modules/keysto": {
      "version": "1.1.1",
      "resolved": "https://registry.npmjs.org/keysto/-/keysto-1.1.1.tgz",
      "integrity": "sha512-mjzuOAsD3Fbnhpfars6n2ByqBJ8TE+eWiM80iVxfA+ZTRTjenPHe3ENj+DGOaQp4uAhIFJmleeO/+uUp8jp6yg==",
      "dependencies": {
        "case": "^1.6.2"
      }
    },
    "node_modules/lodash": {
      "version": "4.17.21",
      "resolved": "https://registry.npmjs.org/lodash/-/lodash-4.17.21.tgz",
      "integrity": "sha512-v2kDEe57lecTulaDIuNTPy3Ry4gLGJ6Z1O3vE1krgXZNrsQ+LFTGHVxVjcXPs17LhbZVGedAJv8XZ1tvj5FvSg=="
    }
  },
  "dependencies": {
    "case": {
      "version": "1.6.3",
      "resolved": "https://registry.npmjs.org/case/-/case-1.6.3.tgz",
      "integrity": "sha512-mzDSXIPaFwVDvZAHqZ9VlbyF4yyXRuX6IvB06WvPYkqJVO24kX1PPhv9bfpKNFZyxYFmmgo03HUiD8iklmJYRQ=="
    },
    "keysto": {
      "version": "1.1.1",
      "resolved": "https://registry.npmjs.org/keysto/-/keysto-1.1.1.tgz",
      "integrity": "sha512-mjzuOAsD3Fbnhpfars6n2ByqBJ8TE+eWiM80iVxfA+ZTRTjenPHe3ENj+DGOaQp4uAhIFJmleeO/+uUp8jp6yg==",
      "requires": {
        "case": "^1.6.2"
      }
    },
    "lodash": {
      "version": "4.17.21",
      "resolved": "https://registry.npmjs.org/lodash/-/lodash-4.17.21.tgz",
      "integrity": "sha512-v2kDEe57lecTulaDIuNTPy3Ry4gLGJ6Z1O3vE1krgXZNrsQ+LFTGHVxVjcXPs17LhbZVGedAJv8XZ1tvj5FvSg=="
    }
  }
}
